
Microsoft Visual Studio Solution File, Format Version 12.00
# Visual Studio Version 17
VisualStudioVersion = 17.2.32526.322
MinimumVisualStudioVersion = 10.0.40219.1
Project("{FAE04EC0-301F-11D3-BF4B-00C04F79EFBC}") = "NoiDung2", "NoiDung2.csproj", "{4E7FBD64-FDAE-4FB8-A9D0-803129DA3995}"
EndProject
Global
	GlobalSection(SolutionConfigurationPlatforms) = preSolution
		Debug|Any CPU = Debug|Any CPU
		Release|Any CPU = Release|Any CPU
	EndGlobalSection
	GlobalSection(ProjectConfigurationPlatforms) = postSolution
		{4E7FBD64-FDAE-4FB8-A9D0-803129DA3995}.Debug|Any CPU.ActiveCfg = Debug|Any CPU
		{4E7FBD64-FDAE-4FB8-A9D0-803129DA3995}.Debug|Any CPU.Build.0 = Debug|Any CPU
		{4E7FBD64-FDAE-4FB8-A9D0-803129DA3995}.Release|Any CPU.ActiveCfg = Release|Any CPU
		{4E7FBD64-FDAE-4FB8-A9D0-803129DA3995}.Release|Any CPU.Build.0 = Release|Any CPU
	EndGlobalSection
	GlobalSection(SolutionProperties) = preSolution
		HideSolutionNode = FALSE
	EndGlobalSection
	GlobalSection(ExtensibilityGlobals) = postSolution
		SolutionGuid = {45847D3E-4E4D-4631-8A46-38881C6B1D46}
	EndGlobalSection
EndGlobal
